
Microsoft Visual Studio Solution File, Format Version 12.00
# Visual Studio Version 17
VisualStudioVersion = 17.14.36603.0
MinimumVisualStudioVersion = 10.0.40219.1
Project("{2150E333-8FDC-42A3-9474-1A3956D46DE8}") = "Task0", "Task0", "{02EA681E-C7D8-13C7-8484-4AC65E1B71E8}"
EndProject
Project("{FAE04EC0-301F-11D3-BF4B-00C04F79EFBC}") = "Tyuiu.MoskalevEA.Sprint4.Task0.V26", "Tyuiu.MoskalevEA.Sprint4.Task0.V26\Tyuiu.MoskalevEA.Sprint4.Task0.V26.csproj", "{EBA27932-3B3E-4D96-BE74-9B14579553AC}"
EndProject
Project("{FAE04EC0-301F-11D3-BF4B-00C04F79EFBC}") = "Tyuiu.MoskalevEA.Sprint4.Task0.V26.Test", "Tyuiu.MoskalevEA.Sprint4.Task0.V26.Test\Tyuiu.MoskalevEA.Sprint4.Task0.V26.Test.csproj", "{D48371AF-7FBA-4D9A-B649-A4398E5AF1F2}"
EndProject
Project("{FAE04EC0-301F-11D3-BF4B-00C04F79EFBC}") = "Tyuiu.MoskalevEA.Sprint4.Task0.V26.Lib", "Tyuiu.MoskalevEA.Sprint4.Task0.V26.Lib\Tyuiu.MoskalevEA.Sprint4.Task0.V26.Lib.csproj", "{DB05561E-6760-4B36-B525-966286169A3D}"
EndProject
Project("{2150E333-8FDC-42A3-9474-1A3956D46DE8}") = "Task1", "Task1", "{43CA0E7E-926E-419E-9B4A-E3ED3D07729F}"
EndProject
Project("{FAE04EC0-301F-11D3-BF4B-00C04F79EFBC}") = "Tyuiu.MoskalevEA.Sprint4.Task1.V16", "Tyuiu.MoskalevEA.Sprint4.Task1.V16\Tyuiu.MoskalevEA.Sprint4.Task1.V16.csproj", "{3DABC2C6-2E84-4244-95A9-9C39F005B007}"
EndProject
Project("{FAE04EC0-301F-11D3-BF4B-00C04F79EFBC}") = "Tyuiu.MoskalevEA.Sprint4.Task1.V16.Lib", "Tyuiu.MoskalevEA.Sprint4.Task1.V16.Lib\Tyuiu.MoskalevEA.Sprint4.Task1.V16.Lib.csproj", "{A7078A72-0007-467E-AC34-82B4AA2F0A72}"
EndProject
Project("{FAE04EC0-301F-11D3-BF4B-00C04F79EFBC}") = "Tyuiu.MoskalevEA.Sprint4.Task1.V16.Test", "Tyuiu.MoskalevEA.Sprint4.Task1.V16.Test\Tyuiu.MoskalevEA.Sprint4.Task1.V16.Test.csproj", "{0B74D82C-61C7-46F9-9198-0932D8BECA37}"
EndProject
Project("{2150E333-8FDC-42A3-9474-1A3956D46DE8}") = "Task2", "Task2", "{9089D742-2EA9-47B5-B0AA-B54041A71DB0}"
EndProject
Project("{FAE04EC0-301F-11D3-BF4B-00C04F79EFBC}") = "Tyuiu.MoskalevEA.Sprint4.Task2.V29.Lib", "Tyuiu.MoskalevEA.Sprint4.Task2.V29.Lib\Tyuiu.MoskalevEA.Sprint4.Task2.V29.Lib.csproj", "{91E802D9-2773-41C8-9630-ECD6608FD062}"
EndProject
Project("{FAE04EC0-301F-11D3-BF4B-00C04F79EFBC}") = "Tyuiu.MoskalevEA.Sprint4.Task2.V29", "Tyuiu.MoskalevEA.Sprint4.Task2.V29\Tyuiu.MoskalevEA.Sprint4.Task2.V29.csproj", "{B5E0ECB2-80D0-40CE-B63C-C4D3007A8B3A}"
EndProject
Project("{FAE04EC0-301F-11D3-BF4B-00C04F79EFBC}") = "Tyuiu.MoskalevEA.Sprint4.Task2.V29.Test", "Tyuiu.MoskalevEA.Sprint4.Task2.V29.Test\Tyuiu.MoskalevEA.Sprint4.Task2.V29.Test.csproj", "{2F1E2B9F-4279-4325-845D-1B47BF9E5051}"
EndProject
Project("{2150E333-8FDC-42A3-9474-1A3956D46DE8}") = "Task3", "Task3", "{59507277-E97B-46A2-A958-7359FE8314AE}"
EndProject
Project("{FAE04EC0-301F-11D3-BF4B-00C04F79EFBC}") = "Tyuiu.MoskalevEA.Sprint4.Task3.V22", "Tyuiu.MoskalevEA.Sprint4.Task3.V22\Tyuiu.MoskalevEA.Sprint4.Task3.V22.csproj", "{B9665962-904E-42CE-A718-EDF046D34326}"
EndProject
Project("{FAE04EC0-301F-11D3-BF4B-00C04F79EFBC}") = "Tyuiu.MoskalevEA.Sprint4.Task3.V22.Lib", "Tyuiu.MoskalevEA.Sprint4.Task3.V22.Lib\Tyuiu.MoskalevEA.Sprint4.Task3.V22.Lib.csproj", "{26E18210-503D-4846-884F-DA2B4FA73EF2}"
EndProject
Project("{FAE04EC0-301F-11D3-BF4B-00C04F79EFBC}") = "Tyuiu.MoskalevEA.Sprint4.Task3.V22.Test", "Tyuiu.MoskalevEA.Sprint4.Task3.V22.Test\Tyuiu.MoskalevEA.Sprint4.Task3.V22.Test.csproj", "{4E3988A4-291C-461A-A602-5A4E8F941E4E}"
EndProject
Project("{2150E333-8FDC-42A3-9474-1A3956D46DE8}") = "Task4", "Task4", "{4F498C66-1E9F-474F-A141-BBB2E10DB5E1}"
EndProject
Project("{FAE04EC0-301F-11D3-BF4B-00C04F79EFBC}") = "Tyuiu.MoskalevEA.Sprint4.Task4.V28", "Tyuiu.MoskalevEA.Sprint4.Task4.V28\Tyuiu.MoskalevEA.Sprint4.Task4.V28.csproj", "{23BEEA30-15EB-4BF2-90B6-46CADB13B28E}"
EndProject
Project("{FAE04EC0-301F-11D3-BF4B-00C04F79EFBC}") = "Tyuiu.MoskalevEA.Sprint4.Task4.V28.Lib", "Tyuiu.MoskalevEA.Sprint4.Task4.V28.Lib\Tyuiu.MoskalevEA.Sprint4.Task4.V28.Lib.csproj", "{83B22AEA-861D-46A8-AABD-8EFE6729F0FC}"
EndProject
Project("{FAE04EC0-301F-11D3-BF4B-00C04F79EFBC}") = "Tyuiu.MoskalevEA.Sprint4.Task4.V28.Test", "Tyuiu.MoskalevEA.Sprint4.Task4.V28.Test\Tyuiu.MoskalevEA.Sprint4.Task4.V28.Test.csproj", "{61E26C01-C840-41C7-933E-D13C464F70A6}"
EndProject
Project("{2150E333-8FDC-42A3-9474-1A3956D46DE8}") = "Task5", "Task5", "{5543F73B-BC8D-4AB2-B358-2E0664530909}"
EndProject
Project("{FAE04EC0-301F-11D3-BF4B-00C04F79EFBC}") = "Tyuiu.MoskalevEA.Sprint4.Task5.V9", "Tyuiu.MoskalevEA.Sprint4.Task5.V9\Tyuiu.MoskalevEA.Sprint4.Task5.V9.csproj", "{DAE4F2F9-8DC8-49A3-B4DE-03C2856F707E}"
EndProject
Project("{FAE04EC0-301F-11D3-BF4B-00C04F79EFBC}") = "Tyuiu.MoskalevEA.Sprint4.Task5.V9.Lib", "Tyuiu.MoskalevEA.Sprint4.Task5.V9.Lib\Tyuiu.MoskalevEA.Sprint4.Task5.V9.Lib.csproj", "{A2027A5B-9367-4C89-BD43-C96CE8E3C130}"
EndProject
Project("{FAE04EC0-301F-11D3-BF4B-00C04F79EFBC}") = "Tyuiu.MoskalevEA.Sprint4.Task5.V9.Test", "Tyuiu.MoskalevEA.Sprint4.Task5.V9.Test\Tyuiu.MoskalevEA.Sprint4.Task5.V9.Test.csproj", "{95E8FA16-D86D-4399-8959-74D9C04AAB2F}"
EndProject
Project("{2150E333-8FDC-42A3-9474-1A3956D46DE8}") = "Task6", "Task6", "{8085100B-E201-462C-BFB9-6A89ADB3984B}"
EndProject
Project("{FAE04EC0-301F-11D3-BF4B-00C04F79EFBC}") = "Tyuiu.MoskalevEA.Sprint4.Task6.V14", "Tyuiu.MoskalevEA.Sprint4.Task6.V14\Tyuiu.MoskalevEA.Sprint4.Task6.V14.csproj", "{459B0FEB-F850-4B54-ACDE-817097386077}"
EndProject
Project("{FAE04EC0-301F-11D3-BF4B-00C04F79EFBC}") = "Tyuiu.MoskalevEA.Sprint4.Task6.V14.Lib", "Tyuiu.MoskalevEA.Sprint4.Task6.V14.Lib\Tyuiu.MoskalevEA.Sprint4.Task6.V14.Lib.csproj", "{DDE91AA4-7209-4C9C-A709-949947A47CBD}"
EndProject
Project("{FAE04EC0-301F-11D3-BF4B-00C04F79EFBC}") = "Tyuiu.MoskalevEA.Sprint4.Task6.V14.Test", "Tyuiu.MoskalevEA.Sprint4.Task6.V14.Test\Tyuiu.MoskalevEA.Sprint4.Task6.V14.Test.csproj", "{A18E79CB-0895-4E1E-96E7-DDF4206B3D3D}"
EndProject
Project("{2150E333-8FDC-42A3-9474-1A3956D46DE8}") = "Task7", "Task7", "{0ACA4B65-5B45-4BDE-829B-2D4CD6155DC6}"
EndProject
Project("{FAE04EC0-301F-11D3-BF4B-00C04F79EFBC}") = "Tyuiu.MoskalevEA.Sprint4.Task7.V21", "Tyuiu.MoskalevEA.Sprint4.Task7.V21\Tyuiu.MoskalevEA.Sprint4.Task7.V21.csproj", "{F9098E52-5CFE-4AC6-B76E-4D052D2BB676}"
EndProject
Project("{FAE04EC0-301F-11D3-BF4B-00C04F79EFBC}") = "Tyuiu.MoskalevEA.Sprint4.Task7.V21.lib", "Tyuiu.MoskalevEA.Sprint4.Task7.V21.lib\Tyuiu.MoskalevEA.Sprint4.Task7.V21.lib.csproj", "{52CE68C1-B4BA-4226-B83F-6C95161B14B5}"
EndProject
Project("{FAE04EC0-301F-11D3-BF4B-00C04F79EFBC}") = "Tyuiu.MoskalevEA.Sprint4.Task7.V21.Test", "Tyuiu.MoskalevEA.Sprint4.Task7.V21.Test\Tyuiu.MoskalevEA.Sprint4.Task7.V21.Test.csproj", "{772226CB-F002-45E2-BBBA-FEB87EA481BD}"
EndProject
Global
	GlobalSection(SolutionConfigurationPlatforms) = preSolution
		Debug|Any CPU = Debug|Any CPU
		Release|Any CPU = Release|Any CPU
	EndGlobalSection
	GlobalSection(ProjectConfigurationPlatforms) = postSolution
		{EBA27932-3B3E-4D96-BE74-9B14579553AC}.Debug|Any CPU.ActiveCfg = Debug|Any CPU
		{EBA27932-3B3E-4D96-BE74-9B14579553AC}.Debug|Any CPU.Build.0 = Debug|Any CPU
		{EBA27932-3B3E-4D96-BE74-9B14579553AC}.Release|Any CPU.ActiveCfg = Release|Any CPU
		{EBA27932-3B3E-4D96-BE74-9B14579553AC}.Release|Any CPU.Build.0 = Release|Any CPU
		{D48371AF-7FBA-4D9A-B649-A4398E5AF1F2}.Debug|Any CPU.ActiveCfg = Debug|Any CPU
		{D48371AF-7FBA-4D9A-B649-A4398E5AF1F2}.Debug|Any CPU.Build.0 = Debug|Any CPU
		{D48371AF-7FBA-4D9A-B649-A4398E5AF1F2}.Release|Any CPU.ActiveCfg = Release|Any CPU
		{D48371AF-7FBA-4D9A-B649-A4398E5AF1F2}.Release|Any CPU.Build.0 = Release|Any CPU
		{DB05561E-6760-4B36-B525-966286169A3D}.Debug|Any CPU.ActiveCfg = Debug|Any CPU
		{DB05561E-6760-4B36-B525-966286169A3D}.Debug|Any CPU.Build.0 = Debug|Any CPU
		{DB05561E-6760-4B36-B525-966286169A3D}.Release|Any CPU.ActiveCfg = Release|Any CPU
		{DB05561E-6760-4B36-B525-966286169A3D}.Release|Any CPU.Build.0 = Release|Any CPU
		{3DABC2C6-2E84-4244-95A9-9C39F005B007}.Debug|Any CPU.ActiveCfg = Debug|Any CPU
		{3DABC2C6-2E84-4244-95A9-9C39F005B007}.Debug|Any CPU.Build.0 = Debug|Any CPU
		{3DABC2C6-2E84-4244-95A9-9C39F005B007}.Release|Any CPU.ActiveCfg = Release|Any CPU
		{3DABC2C6-2E84-4244-95A9-9C39F005B007}.Release|Any CPU.Build.0 = Release|Any CPU
		{A7078A72-0007-467E-AC34-82B4AA2F0A72}.Debug|Any CPU.ActiveCfg = Debug|Any CPU
		{A7078A72-0007-467E-AC34-82B4AA2F0A72}.Debug|Any CPU.Build.0 = Debug|Any CPU
		{A7078A72-0007-467E-AC34-82B4AA2F0A72}.Release|Any CPU.ActiveCfg = Release|Any CPU
		{A7078A72-0007-467E-AC34-82B4AA2F0A72}.Release|Any CPU.Build.0 = Release|Any CPU
		{0B74D82C-61C7-46F9-9198-0932D8BECA37}.Debug|Any CPU.ActiveCfg = Debug|Any CPU
		{0B74D82C-61C7-46F9-9198-0932D8BECA37}.Debug|Any CPU.Build.0 = Debug|Any CPU
		{0B74D82C-61C7-46F9-9198-0932D8BECA37}.Release|Any CPU.ActiveCfg = Release|Any CPU
		{0B74D82C-61C7-46F9-9198-0932D8BECA37}.Release|Any CPU.Build.0 = Release|Any CPU
		{91E802D9-2773-41C8-9630-ECD6608FD062}.Debug|Any CPU.ActiveCfg = Debug|Any CPU
		{91E802D9-2773-41C8-9630-ECD6608FD062}.Debug|Any CPU.Build.0 = Debug|Any CPU
		{91E802D9-2773-41C8-9630-ECD6608FD062}.Release|Any CPU.ActiveCfg = Release|Any CPU
		{91E802D9-2773-41C8-9630-ECD6608FD062}.Release|Any CPU.Build.0 = Release|Any CPU
		{B5E0ECB2-80D0-40CE-B63C-C4D3007A8B3A}.Debug|Any CPU.ActiveCfg = Debug|Any CPU
		{B5E0ECB2-80D0-40CE-B63C-C4D3007A8B3A}.Debug|Any CPU.Build.0 = Debug|Any CPU
		{B5E0ECB2-80D0-40CE-B63C-C4D3007A8B3A}.Release|Any CPU.ActiveCfg = Release|Any CPU
		{B5E0ECB2-80D0-40CE-B63C-C4D3007A8B3A}.Release|Any CPU.Build.0 = Release|Any CPU
		{2F1E2B9F-4279-4325-845D-1B47BF9E5051}.Debug|Any CPU.ActiveCfg = Debug|Any CPU
		{2F1E2B9F-4279-4325-845D-1B47BF9E5051}.Debug|Any CPU.Build.0 = Debug|Any CPU
		{2F1E2B9F-4279-4325-845D-1B47BF9E5051}.Release|Any CPU.ActiveCfg = Release|Any CPU
		{2F1E2B9F-4279-4325-845D-1B47BF9E5051}.Release|Any CPU.Build.0 = Release|Any CPU
		{B9665962-904E-42CE-A718-EDF046D34326}.Debug|Any CPU.ActiveCfg = Debug|Any CPU
		{B9665962-904E-42CE-A718-EDF046D34326}.Debug|Any CPU.Build.0 = Debug|Any CPU
		{B9665962-904E-42CE-A718-EDF046D34326}.Release|Any CPU.ActiveCfg = Release|Any CPU
		{B9665962-904E-42CE-A718-EDF046D34326}.Release|Any CPU.Build.0 = Release|Any CPU
		{26E18210-503D-4846-884F-DA2B4FA73EF2}.Debug|Any CPU.ActiveCfg = Debug|Any CPU
		{26E18210-503D-4846-884F-DA2B4FA73EF2}.Debug|Any CPU.Build.0 = Debug|Any CPU
		{26E18210-503D-4846-884F-DA2B4FA73EF2}.Release|Any CPU.ActiveCfg = Release|Any CPU
		{26E18210-503D-4846-884F-DA2B4FA73EF2}.Release|Any CPU.Build.0 = Release|Any CPU
		{4E3988A4-291C-461A-A602-5A4E8F941E4E}.Debug|Any CPU.ActiveCfg = Debug|Any CPU
		{4E3988A4-291C-461A-A602-5A4E8F941E4E}.Debug|Any CPU.Build.0 = Debug|Any CPU
		{4E3988A4-291C-461A-A602-5A4E8F941E4E}.Release|Any CPU.ActiveCfg = Release|Any CPU
		{4E3988A4-291C-461A-A602-5A4E8F941E4E}.Release|Any CPU.Build.0 = Release|Any CPU
		{23BEEA30-15EB-4BF2-90B6-46CADB13B28E}.Debug|Any CPU.ActiveCfg = Debug|Any CPU
		{23BEEA30-15EB-4BF2-90B6-46CADB13B28E}.Debug|Any CPU.Build.0 = Debug|Any CPU
		{23BEEA30-15EB-4BF2-90B6-46CADB13B28E}.Release|Any CPU.ActiveCfg = Release|Any CPU
		{23BEEA30-15EB-4BF2-90B6-46CADB13B28E}.Release|Any CPU.Build.0 = Release|Any CPU
		{83B22AEA-861D-46A8-AABD-8EFE6729F0FC}.Debug|Any CPU.ActiveCfg = Debug|Any CPU
		{83B22AEA-861D-46A8-AABD-8EFE6729F0FC}.Debug|Any CPU.Build.0 = Debug|Any CPU
		{83B22AEA-861D-46A8-AABD-8EFE6729F0FC}.Release|Any CPU.ActiveCfg = Release|Any CPU
		{83B22AEA-861D-46A8-AABD-8EFE6729F0FC}.Release|Any CPU.Build.0 = Release|Any CPU
		{61E26C01-C840-41C7-933E-D13C464F70A6}.Debug|Any CPU.ActiveCfg = Debug|Any CPU
		{61E26C01-C840-41C7-933E-D13C464F70A6}.Debug|Any CPU.Build.0 = Debug|Any CPU
		{61E26C01-C840-41C7-933E-D13C464F70A6}.Release|Any CPU.ActiveCfg = Release|Any CPU
		{61E26C01-C840-41C7-933E-D13C464F70A6}.Release|Any CPU.Build.0 = Release|Any CPU
		{DAE4F2F9-8DC8-49A3-B4DE-03C2856F707E}.Debug|Any CPU.ActiveCfg = Debug|Any CPU
		{DAE4F2F9-8DC8-49A3-B4DE-03C2856F707E}.Debug|Any CPU.Build.0 = Debug|Any CPU
		{DAE4F2F9-8DC8-49A3-B4DE-03C2856F707E}.Release|Any CPU.ActiveCfg = Release|Any CPU
		{DAE4F2F9-8DC8-49A3-B4DE-03C2856F707E}.Release|Any CPU.Build.0 = Release|Any CPU
		{A2027A5B-9367-4C89-BD43-C96CE8E3C130}.Debug|Any CPU.ActiveCfg = Debug|Any CPU
		{A2027A5B-9367-4C89-BD43-C96CE8E3C130}.Debug|Any CPU.Build.0 = Debug|Any CPU
		{A2027A5B-9367-4C89-BD43-C96CE8E3C130}.Release|Any CPU.ActiveCfg = Release|Any CPU
		{A2027A5B-9367-4C89-BD43-C96CE8E3C130}.Release|Any CPU.Build.0 = Release|Any CPU
		{95E8FA16-D86D-4399-8959-74D9C04AAB2F}.Debug|Any CPU.ActiveCfg = Debug|Any CPU
		{95E8FA16-D86D-4399-8959-74D9C04AAB2F}.Debug|Any CPU.Build.0 = Debug|Any CPU
		{95E8FA16-D86D-4399-8959-74D9C04AAB2F}.Release|Any CPU.ActiveCfg = Release|Any CPU
		{95E8FA16-D86D-4399-8959-74D9C04AAB2F}.Release|Any CPU.Build.0 = Release|Any CPU
		{459B0FEB-F850-4B54-ACDE-817097386077}.Debug|Any CPU.ActiveCfg = Debug|Any CPU
		{459B0FEB-F850-4B54-ACDE-817097386077}.Debug|Any CPU.Build.0 = Debug|Any CPU
		{459B0FEB-F850-4B54-ACDE-817097386077}.Release|Any CPU.ActiveCfg = Release|Any CPU
		{459B0FEB-F850-4B54-ACDE-817097386077}.Release|Any CPU.Build.0 = Release|Any CPU
		{DDE91AA4-7209-4C9C-A709-949947A47CBD}.Debug|Any CPU.ActiveCfg = Debug|Any CPU
		{DDE91AA4-7209-4C9C-A709-949947A47CBD}.Debug|Any CPU.Build.0 = Debug|Any CPU
		{DDE91AA4-7209-4C9C-A709-949947A47CBD}.Release|Any CPU.ActiveCfg = Release|Any CPU
		{DDE91AA4-7209-4C9C-A709-949947A47CBD}.Release|Any CPU.Build.0 = Release|Any CPU
		{A18E79CB-0895-4E1E-96E7-DDF4206B3D3D}.Debug|Any CPU.ActiveCfg = Debug|Any CPU
		{A18E79CB-0895-4E1E-96E7-DDF4206B3D3D}.Debug|Any CPU.Build.0 = Debug|Any CPU
		{A18E79CB-0895-4E1E-96E7-DDF4206B3D3D}.Release|Any CPU.ActiveCfg = Release|Any CPU
		{A18E79CB-0895-4E1E-96E7-DDF4206B3D3D}.Release|Any CPU.Build.0 = Release|Any CPU
		{F9098E52-5CFE-4AC6-B76E-4D052D2BB676}.Debug|Any CPU.ActiveCfg = Debug|Any CPU
		{F9098E52-5CFE-4AC6-B76E-4D052D2BB676}.Debug|Any CPU.Build.0 = Debug|Any CPU
		{F9098E52-5CFE-4AC6-B76E-4D052D2BB676}.Release|Any CPU.ActiveCfg = Release|Any CPU
		{F9098E52-5CFE-4AC6-B76E-4D052D2BB676}.Release|Any CPU.Build.0 = Release|Any CPU
		{52CE68C1-B4BA-4226-B83F-6C95161B14B5}.Debug|Any CPU.ActiveCfg = Debug|Any CPU
		{52CE68C1-B4BA-4226-B83F-6C95161B14B5}.Debug|Any CPU.Build.0 = Debug|Any CPU
		{52CE68C1-B4BA-4226-B83F-6C95161B14B5}.Release|Any CPU.ActiveCfg = Release|Any CPU
		{52CE68C1-B4BA-4226-B83F-6C95161B14B5}.Release|Any CPU.Build.0 = Release|Any CPU
		{772226CB-F002-45E2-BBBA-FEB87EA481BD}.Debug|Any CPU.ActiveCfg = Debug|Any CPU
		{772226CB-F002-45E2-BBBA-FEB87EA481BD}.Debug|Any CPU.Build.0 = Debug|Any CPU
		{772226CB-F002-45E2-BBBA-FEB87EA481BD}.Release|Any CPU.ActiveCfg = Release|Any CPU
		{772226CB-F002-45E2-BBBA-FEB87EA481BD}.Release|Any CPU.Build.0 = Release|Any CPU
	EndGlobalSection
	GlobalSection(SolutionProperties) = preSolution
		HideSolutionNode = FALSE
	EndGlobalSection
	GlobalSection(NestedProjects) = preSolution
		{EBA27932-3B3E-4D96-BE74-9B14579553AC} = {02EA681E-C7D8-13C7-8484-4AC65E1B71E8}
		{D48371AF-7FBA-4D9A-B649-A4398E5AF1F2} = {02EA681E-C7D8-13C7-8484-4AC65E1B71E8}
		{DB05561E-6760-4B36-B525-966286169A3D} = {02EA681E-C7D8-13C7-8484-4AC65E1B71E8}
		{3DABC2C6-2E84-4244-95A9-9C39F005B007} = {43CA0E7E-926E-419E-9B4A-E3ED3D07729F}
		{A7078A72-0007-467E-AC34-82B4AA2F0A72} = {43CA0E7E-926E-419E-9B4A-E3ED3D07729F}
		{0B74D82C-61C7-46F9-9198-0932D8BECA37} = {43CA0E7E-926E-419E-9B4A-E3ED3D07729F}
		{91E802D9-2773-41C8-9630-ECD6608FD062} = {9089D742-2EA9-47B5-B0AA-B54041A71DB0}
		{B5E0ECB2-80D0-40CE-B63C-C4D3007A8B3A} = {9089D742-2EA9-47B5-B0AA-B54041A71DB0}
		{2F1E2B9F-4279-4325-845D-1B47BF9E5051} = {9089D742-2EA9-47B5-B0AA-B54041A71DB0}
		{B9665962-904E-42CE-A718-EDF046D34326} = {59507277-E97B-46A2-A958-7359FE8314AE}
		{26E18210-503D-4846-884F-DA2B4FA73EF2} = {59507277-E97B-46A2-A958-7359FE8314AE}
		{4E3988A4-291C-461A-A602-5A4E8F941E4E} = {59507277-E97B-46A2-A958-7359FE8314AE}
		{23BEEA30-15EB-4BF2-90B6-46CADB13B28E} = {4F498C66-1E9F-474F-A141-BBB2E10DB5E1}
		{83B22AEA-861D-46A8-AABD-8EFE6729F0FC} = {4F498C66-1E9F-474F-A141-BBB2E10DB5E1}
		{61E26C01-C840-41C7-933E-D13C464F70A6} = {4F498C66-1E9F-474F-A141-BBB2E10DB5E1}
		{DAE4F2F9-8DC8-49A3-B4DE-03C2856F707E} = {5543F73B-BC8D-4AB2-B358-2E0664530909}
		{A2027A5B-9367-4C89-BD43-C96CE8E3C130} = {5543F73B-BC8D-4AB2-B358-2E0664530909}
		{95E8FA16-D86D-4399-8959-74D9C04AAB2F} = {5543F73B-BC8D-4AB2-B358-2E0664530909}
		{459B0FEB-F850-4B54-ACDE-817097386077} = {8085100B-E201-462C-BFB9-6A89ADB3984B}
		{DDE91AA4-7209-4C9C-A709-949947A47CBD} = {8085100B-E201-462C-BFB9-6A89ADB3984B}
		{A18E79CB-0895-4E1E-96E7-DDF4206B3D3D} = {8085100B-E201-462C-BFB9-6A89ADB3984B}
		{F9098E52-5CFE-4AC6-B76E-4D052D2BB676} = {0ACA4B65-5B45-4BDE-829B-2D4CD6155DC6}
		{52CE68C1-B4BA-4226-B83F-6C95161B14B5} = {0ACA4B65-5B45-4BDE-829B-2D4CD6155DC6}
		{772226CB-F002-45E2-BBBA-FEB87EA481BD} = {0ACA4B65-5B45-4BDE-829B-2D4CD6155DC6}
	EndGlobalSection
	GlobalSection(ExtensibilityGlobals) = postSolution
		SolutionGuid = {97445743-77B2-47D0-9358-219E3D629FBD}
	EndGlobalSection
EndGlobal
