
Microsoft Visual Studio Solution File, Format Version 12.00
# Visual Studio Version 17
VisualStudioVersion = 17.14.36603.0
MinimumVisualStudioVersion = 10.0.40219.1
Project("{2150E333-8FDC-42A3-9474-1A3956D46DE8}") = "Task0", "Task0", "{02EA681E-C7D8-13C7-8484-4AC65E1B71E8}"
EndProject
Project("{FAE04EC0-301F-11D3-BF4B-00C04F79EFBC}") = "Tyuiu.MoskalevEA.Sprint4.Task0.V26", "Tyuiu.MoskalevEA.Sprint4.Task0.V26\Tyuiu.MoskalevEA.Sprint4.Task0.V26.csproj", "{EBA27932-3B3E-4D96-BE74-9B14579553AC}"
EndProject
Project("{FAE04EC0-301F-11D3-BF4B-00C04F79EFBC}") = "Tyuiu.MoskalevEA.Sprint4.Task0.V26.Test", "Tyuiu.MoskalevEA.Sprint4.Task0.V26.Test\Tyuiu.MoskalevEA.Sprint4.Task0.V26.Test.csproj", "{D48371AF-7FBA-4D9A-B649-A4398E5AF1F2}"
EndProject
Project("{FAE04EC0-301F-11D3-BF4B-00C04F79EFBC}") = "Tyuiu.MoskalevEA.Sprint4.Task0.V26.Lib", "Tyuiu.MoskalevEA.Sprint4.Task0.V26.Lib\Tyuiu.MoskalevEA.Sprint4.Task0.V26.Lib.csproj", "{DB05561E-6760-4B36-B525-966286169A3D}"
EndProject
Project("{2150E333-8FDC-42A3-9474-1A3956D46DE8}") = "Task1", "Task1", "{43CA0E7E-926E-419E-9B4A-E3ED3D07729F}"
EndProject
Project("{FAE04EC0-301F-11D3-BF4B-00C04F79EFBC}") = "Tyuiu.MoskalevEA.Sprint4.Task1.V16", "Tyuiu.MoskalevEA.Sprint4.Task1.V16\Tyuiu.MoskalevEA.Sprint4.Task1.V16.csproj", "{3DABC2C6-2E84-4244-95A9-9C39F005B007}"
EndProject
Project("{FAE04EC0-301F-11D3-BF4B-00C04F79EFBC}") = "Tyuiu.MoskalevEA.Sprint4.Task1.V16.Lib", "Tyuiu.MoskalevEA.Sprint4.Task1.V16.Lib\Tyuiu.MoskalevEA.Sprint4.Task1.V16.Lib.csproj", "{A7078A72-0007-467E-AC34-82B4AA2F0A72}"
EndProject
Project("{FAE04EC0-301F-11D3-BF4B-00C04F79EFBC}") = "Tyuiu.MoskalevEA.Sprint4.Task1.V16.Test", "Tyuiu.MoskalevEA.Sprint4.Task1.V16.Test\Tyuiu.MoskalevEA.Sprint4.Task1.V16.Test.csproj", "{0B74D82C-61C7-46F9-9198-0932D8BECA37}"
EndProject
Project("{2150E333-8FDC-42A3-9474-1A3956D46DE8}") = "Task2", "Task2", "{9089D742-2EA9-47B5-B0AA-B54041A71DB0}"
EndProject
Project("{FAE04EC0-301F-11D3-BF4B-00C04F79EFBC}") = "Tyuiu.MoskalevEA.Sprint4.Task2.V29.Lib", "Tyuiu.MoskalevEA.Sprint4.Task2.V29.Lib\Tyuiu.MoskalevEA.Sprint4.Task2.V29.Lib.csproj", "{91E802D9-2773-41C8-9630-ECD6608FD062}"
EndProject
Project("{FAE04EC0-301F-11D3-BF4B-00C04F79EFBC}") = "Tyuiu.MoskalevEA.Sprint4.Task2.V29", "Tyuiu.MoskalevEA.Sprint4.Task2.V29\Tyuiu.MoskalevEA.Sprint4.Task2.V29.csproj", "{B5E0ECB2-80D0-40CE-B63C-C4D3007A8B3A}"
EndProject
Project("{FAE04EC0-301F-11D3-BF4B-00C04F79EFBC}") = "Tyuiu.MoskalevEA.Sprint4.Task2.V29.Test", "Tyuiu.MoskalevEA.Sprint4.Task2.V29.Test\Tyuiu.MoskalevEA.Sprint4.Task2.V29.Test.csproj", "{2F1E2B9F-4279-4325-845D-1B47BF9E5051}"
EndProject
Project("{2150E333-8FDC-42A3-9474-1A3956D46DE8}") = "Task3", "Task3", "{5FB03336-139A-4C44-B09B-68DF4E9BBB8B}"
EndProject
Project("{FAE04EC0-301F-11D3-BF4B-00C04F79EFBC}") = "Tyuiu.MoskalevEA.Sprint4.Task3.V22", "Tyuiu.MoskalevEA.Sprint4.Task3.V22\Tyuiu.MoskalevEA.Sprint4.Task3.V22.csproj", "{0C176100-CC81-45D8-8137-0EFBF686B218}"
EndProject
Project("{FAE04EC0-301F-11D3-BF4B-00C04F79EFBC}") = "Tyuiu.MoskalevEA.Sprint4.Task3.V22.Test", "Tyuiu.MoskalevEA.Sprint4.Task3.V22.Test\Tyuiu.MoskalevEA.Sprint4.Task3.V22.Test.csproj", "{A49E0E8C-62C7-4C10-ACA4-6C705D1C1DF4}"
EndProject
Project("{FAE04EC0-301F-11D3-BF4B-00C04F79EFBC}") = "Tyuiu.MoskalevEA.Sprint4.Task3.V22.Lib", "..\Tyuiu.MoskalevEA.Sprint4.Task3.V22.Lib\Tyuiu.MoskalevEA.Sprint4.Task3.V22.Lib.csproj", "{AD64DE69-E064-44EC-9852-84BA1EAE9992}"
EndProject
Global
	GlobalSection(SolutionConfigurationPlatforms) = preSolution
		Debug|Any CPU = Debug|Any CPU
		Release|Any CPU = Release|Any CPU
	EndGlobalSection
	GlobalSection(ProjectConfigurationPlatforms) = postSolution
		{EBA27932-3B3E-4D96-BE74-9B14579553AC}.Debug|Any CPU.ActiveCfg = Debug|Any CPU
		{EBA27932-3B3E-4D96-BE74-9B14579553AC}.Debug|Any CPU.Build.0 = Debug|Any CPU
		{EBA27932-3B3E-4D96-BE74-9B14579553AC}.Release|Any CPU.ActiveCfg = Release|Any CPU
		{EBA27932-3B3E-4D96-BE74-9B14579553AC}.Release|Any CPU.Build.0 = Release|Any CPU
		{D48371AF-7FBA-4D9A-B649-A4398E5AF1F2}.Debug|Any CPU.ActiveCfg = Debug|Any CPU
		{D48371AF-7FBA-4D9A-B649-A4398E5AF1F2}.Debug|Any CPU.Build.0 = Debug|Any CPU
		{D48371AF-7FBA-4D9A-B649-A4398E5AF1F2}.Release|Any CPU.ActiveCfg = Release|Any CPU
		{D48371AF-7FBA-4D9A-B649-A4398E5AF1F2}.Release|Any CPU.Build.0 = Release|Any CPU
		{DB05561E-6760-4B36-B525-966286169A3D}.Debug|Any CPU.ActiveCfg = Debug|Any CPU
		{DB05561E-6760-4B36-B525-966286169A3D}.Debug|Any CPU.Build.0 = Debug|Any CPU
		{DB05561E-6760-4B36-B525-966286169A3D}.Release|Any CPU.ActiveCfg = Release|Any CPU
		{DB05561E-6760-4B36-B525-966286169A3D}.Release|Any CPU.Build.0 = Release|Any CPU
		{3DABC2C6-2E84-4244-95A9-9C39F005B007}.Debug|Any CPU.ActiveCfg = Debug|Any CPU
		{3DABC2C6-2E84-4244-95A9-9C39F005B007}.Debug|Any CPU.Build.0 = Debug|Any CPU
		{3DABC2C6-2E84-4244-95A9-9C39F005B007}.Release|Any CPU.ActiveCfg = Release|Any CPU
		{3DABC2C6-2E84-4244-95A9-9C39F005B007}.Release|Any CPU.Build.0 = Release|Any CPU
		{A7078A72-0007-467E-AC34-82B4AA2F0A72}.Debug|Any CPU.ActiveCfg = Debug|Any CPU
		{A7078A72-0007-467E-AC34-82B4AA2F0A72}.Debug|Any CPU.Build.0 = Debug|Any CPU
		{A7078A72-0007-467E-AC34-82B4AA2F0A72}.Release|Any CPU.ActiveCfg = Release|Any CPU
		{A7078A72-0007-467E-AC34-82B4AA2F0A72}.Release|Any CPU.Build.0 = Release|Any CPU
		{0B74D82C-61C7-46F9-9198-0932D8BECA37}.Debug|Any CPU.ActiveCfg = Debug|Any CPU
		{0B74D82C-61C7-46F9-9198-0932D8BECA37}.Debug|Any CPU.Build.0 = Debug|Any CPU
		{0B74D82C-61C7-46F9-9198-0932D8BECA37}.Release|Any CPU.ActiveCfg = Release|Any CPU
		{0B74D82C-61C7-46F9-9198-0932D8BECA37}.Release|Any CPU.Build.0 = Release|Any CPU
		{91E802D9-2773-41C8-9630-ECD6608FD062}.Debug|Any CPU.ActiveCfg = Debug|Any CPU
		{91E802D9-2773-41C8-9630-ECD6608FD062}.Debug|Any CPU.Build.0 = Debug|Any CPU
		{91E802D9-2773-41C8-9630-ECD6608FD062}.Release|Any CPU.ActiveCfg = Release|Any CPU
		{91E802D9-2773-41C8-9630-ECD6608FD062}.Release|Any CPU.Build.0 = Release|Any CPU
		{B5E0ECB2-80D0-40CE-B63C-C4D3007A8B3A}.Debug|Any CPU.ActiveCfg = Debug|Any CPU
		{B5E0ECB2-80D0-40CE-B63C-C4D3007A8B3A}.Debug|Any CPU.Build.0 = Debug|Any CPU
		{B5E0ECB2-80D0-40CE-B63C-C4D3007A8B3A}.Release|Any CPU.ActiveCfg = Release|Any CPU
		{B5E0ECB2-80D0-40CE-B63C-C4D3007A8B3A}.Release|Any CPU.Build.0 = Release|Any CPU
		{2F1E2B9F-4279-4325-845D-1B47BF9E5051}.Debug|Any CPU.ActiveCfg = Debug|Any CPU
		{2F1E2B9F-4279-4325-845D-1B47BF9E5051}.Debug|Any CPU.Build.0 = Debug|Any CPU
		{2F1E2B9F-4279-4325-845D-1B47BF9E5051}.Release|Any CPU.ActiveCfg = Release|Any CPU
		{2F1E2B9F-4279-4325-845D-1B47BF9E5051}.Release|Any CPU.Build.0 = Release|Any CPU
		{0C176100-CC81-45D8-8137-0EFBF686B218}.Debug|Any CPU.ActiveCfg = Debug|Any CPU
		{0C176100-CC81-45D8-8137-0EFBF686B218}.Debug|Any CPU.Build.0 = Debug|Any CPU
		{0C176100-CC81-45D8-8137-0EFBF686B218}.Release|Any CPU.ActiveCfg = Release|Any CPU
		{0C176100-CC81-45D8-8137-0EFBF686B218}.Release|Any CPU.Build.0 = Release|Any CPU
		{A49E0E8C-62C7-4C10-ACA4-6C705D1C1DF4}.Debug|Any CPU.ActiveCfg = Debug|Any CPU
		{A49E0E8C-62C7-4C10-ACA4-6C705D1C1DF4}.Debug|Any CPU.Build.0 = Debug|Any CPU
		{A49E0E8C-62C7-4C10-ACA4-6C705D1C1DF4}.Release|Any CPU.ActiveCfg = Release|Any CPU
		{A49E0E8C-62C7-4C10-ACA4-6C705D1C1DF4}.Release|Any CPU.Build.0 = Release|Any CPU
		{AD64DE69-E064-44EC-9852-84BA1EAE9992}.Debug|Any CPU.ActiveCfg = Debug|Any CPU
		{AD64DE69-E064-44EC-9852-84BA1EAE9992}.Debug|Any CPU.Build.0 = Debug|Any CPU
		{AD64DE69-E064-44EC-9852-84BA1EAE9992}.Release|Any CPU.ActiveCfg = Release|Any CPU
		{AD64DE69-E064-44EC-9852-84BA1EAE9992}.Release|Any CPU.Build.0 = Release|Any CPU
	EndGlobalSection
	GlobalSection(SolutionProperties) = preSolution
		HideSolutionNode = FALSE
	EndGlobalSection
	GlobalSection(NestedProjects) = preSolution
		{EBA27932-3B3E-4D96-BE74-9B14579553AC} = {02EA681E-C7D8-13C7-8484-4AC65E1B71E8}
		{D48371AF-7FBA-4D9A-B649-A4398E5AF1F2} = {02EA681E-C7D8-13C7-8484-4AC65E1B71E8}
		{DB05561E-6760-4B36-B525-966286169A3D} = {02EA681E-C7D8-13C7-8484-4AC65E1B71E8}
		{3DABC2C6-2E84-4244-95A9-9C39F005B007} = {43CA0E7E-926E-419E-9B4A-E3ED3D07729F}
		{A7078A72-0007-467E-AC34-82B4AA2F0A72} = {43CA0E7E-926E-419E-9B4A-E3ED3D07729F}
		{0B74D82C-61C7-46F9-9198-0932D8BECA37} = {43CA0E7E-926E-419E-9B4A-E3ED3D07729F}
		{91E802D9-2773-41C8-9630-ECD6608FD062} = {9089D742-2EA9-47B5-B0AA-B54041A71DB0}
		{B5E0ECB2-80D0-40CE-B63C-C4D3007A8B3A} = {9089D742-2EA9-47B5-B0AA-B54041A71DB0}
		{2F1E2B9F-4279-4325-845D-1B47BF9E5051} = {9089D742-2EA9-47B5-B0AA-B54041A71DB0}
		{0C176100-CC81-45D8-8137-0EFBF686B218} = {5FB03336-139A-4C44-B09B-68DF4E9BBB8B}
		{A49E0E8C-62C7-4C10-ACA4-6C705D1C1DF4} = {5FB03336-139A-4C44-B09B-68DF4E9BBB8B}
		{AD64DE69-E064-44EC-9852-84BA1EAE9992} = {5FB03336-139A-4C44-B09B-68DF4E9BBB8B}
	EndGlobalSection
	GlobalSection(ExtensibilityGlobals) = postSolution
		SolutionGuid = {97445743-77B2-47D0-9358-219E3D629FBD}
	EndGlobalSection
EndGlobal
