
Microsoft Visual Studio Solution File, Format Version 12.00
# Visual Studio Version 17
VisualStudioVersion = 17.14.36603.0 d17.14
MinimumVisualStudioVersion = 10.0.40219.1
Project("{2150E333-8FDC-42A3-9474-1A3956D46DE8}") = "Task0", "Task0", "{02EA681E-C7D8-13C7-8484-4AC65E1B71E8}"
EndProject
Project("{FAE04EC0-301F-11D3-BF4B-00C04F79EFBC}") = "Tyuiu.MoskalevEA.Sprint4.Task0.V26", "Tyuiu.MoskalevEA.Sprint4.Task0.V26\Tyuiu.MoskalevEA.Sprint4.Task0.V26.csproj", "{EBA27932-3B3E-4D96-BE74-9B14579553AC}"
EndProject
Project("{FAE04EC0-301F-11D3-BF4B-00C04F79EFBC}") = "Tyuiu.MoskalevEA.Sprint4.Task0.V26.Test", "Tyuiu.MoskalevEA.Sprint4.Task0.V26.Test\Tyuiu.MoskalevEA.Sprint4.Task0.V26.Test.csproj", "{D48371AF-7FBA-4D9A-B649-A4398E5AF1F2}"
EndProject
Project("{FAE04EC0-301F-11D3-BF4B-00C04F79EFBC}") = "Tyuiu.MoskalevEA.Sprint4.Task0.V26.Lib", "Tyuiu.MoskalevEA.Sprint4.Task0.V26.Lib\Tyuiu.MoskalevEA.Sprint4.Task0.V26.Lib.csproj", "{DB05561E-6760-4B36-B525-966286169A3D}"
EndProject
Project("{2150E333-8FDC-42A3-9474-1A3956D46DE8}") = "Task1", "Task1", "{43CA0E7E-926E-419E-9B4A-E3ED3D07729F}"
EndProject
Project("{FAE04EC0-301F-11D3-BF4B-00C04F79EFBC}") = "Tyuiu.MoskalevEA.Sprint4.Task1.V16", "Tyuiu.MoskalevEA.Sprint4.Task1.V16\Tyuiu.MoskalevEA.Sprint4.Task1.V16.csproj", "{3DABC2C6-2E84-4244-95A9-9C39F005B007}"
EndProject
Project("{FAE04EC0-301F-11D3-BF4B-00C04F79EFBC}") = "Tyuiu.MoskalevEA.Sprint4.Task1.V16.Lib", "Tyuiu.MoskalevEA.Sprint4.Task1.V16.Lib\Tyuiu.MoskalevEA.Sprint4.Task1.V16.Lib.csproj", "{A7078A72-0007-467E-AC34-82B4AA2F0A72}"
EndProject
Project("{FAE04EC0-301F-11D3-BF4B-00C04F79EFBC}") = "Tyuiu.MoskalevEA.Sprint4.Task1.V16.Test", "Tyuiu.MoskalevEA.Sprint4.Task1.V16.Test\Tyuiu.MoskalevEA.Sprint4.Task1.V16.Test.csproj", "{0B74D82C-61C7-46F9-9198-0932D8BECA37}"
EndProject
Global
	GlobalSection(SolutionConfigurationPlatforms) = preSolution
		Debug|Any CPU = Debug|Any CPU
		Release|Any CPU = Release|Any CPU
	EndGlobalSection
	GlobalSection(ProjectConfigurationPlatforms) = postSolution
		{EBA27932-3B3E-4D96-BE74-9B14579553AC}.Debug|Any CPU.ActiveCfg = Debug|Any CPU
		{EBA27932-3B3E-4D96-BE74-9B14579553AC}.Debug|Any CPU.Build.0 = Debug|Any CPU
		{EBA27932-3B3E-4D96-BE74-9B14579553AC}.Release|Any CPU.ActiveCfg = Release|Any CPU
		{EBA27932-3B3E-4D96-BE74-9B14579553AC}.Release|Any CPU.Build.0 = Release|Any CPU
		{D48371AF-7FBA-4D9A-B649-A4398E5AF1F2}.Debug|Any CPU.ActiveCfg = Debug|Any CPU
		{D48371AF-7FBA-4D9A-B649-A4398E5AF1F2}.Debug|Any CPU.Build.0 = Debug|Any CPU
		{D48371AF-7FBA-4D9A-B649-A4398E5AF1F2}.Release|Any CPU.ActiveCfg = Release|Any CPU
		{D48371AF-7FBA-4D9A-B649-A4398E5AF1F2}.Release|Any CPU.Build.0 = Release|Any CPU
		{DB05561E-6760-4B36-B525-966286169A3D}.Debug|Any CPU.ActiveCfg = Debug|Any CPU
		{DB05561E-6760-4B36-B525-966286169A3D}.Debug|Any CPU.Build.0 = Debug|Any CPU
		{DB05561E-6760-4B36-B525-966286169A3D}.Release|Any CPU.ActiveCfg = Release|Any CPU
		{DB05561E-6760-4B36-B525-966286169A3D}.Release|Any CPU.Build.0 = Release|Any CPU
		{3DABC2C6-2E84-4244-95A9-9C39F005B007}.Debug|Any CPU.ActiveCfg = Debug|Any CPU
		{3DABC2C6-2E84-4244-95A9-9C39F005B007}.Debug|Any CPU.Build.0 = Debug|Any CPU
		{3DABC2C6-2E84-4244-95A9-9C39F005B007}.Release|Any CPU.ActiveCfg = Release|Any CPU
		{3DABC2C6-2E84-4244-95A9-9C39F005B007}.Release|Any CPU.Build.0 = Release|Any CPU
		{A7078A72-0007-467E-AC34-82B4AA2F0A72}.Debug|Any CPU.ActiveCfg = Debug|Any CPU
		{A7078A72-0007-467E-AC34-82B4AA2F0A72}.Debug|Any CPU.Build.0 = Debug|Any CPU
		{A7078A72-0007-467E-AC34-82B4AA2F0A72}.Release|Any CPU.ActiveCfg = Release|Any CPU
		{A7078A72-0007-467E-AC34-82B4AA2F0A72}.Release|Any CPU.Build.0 = Release|Any CPU
		{0B74D82C-61C7-46F9-9198-0932D8BECA37}.Debug|Any CPU.ActiveCfg = Debug|Any CPU
		{0B74D82C-61C7-46F9-9198-0932D8BECA37}.Debug|Any CPU.Build.0 = Debug|Any CPU
		{0B74D82C-61C7-46F9-9198-0932D8BECA37}.Release|Any CPU.ActiveCfg = Release|Any CPU
		{0B74D82C-61C7-46F9-9198-0932D8BECA37}.Release|Any CPU.Build.0 = Release|Any CPU
	EndGlobalSection
	GlobalSection(SolutionProperties) = preSolution
		HideSolutionNode = FALSE
	EndGlobalSection
	GlobalSection(NestedProjects) = preSolution
		{EBA27932-3B3E-4D96-BE74-9B14579553AC} = {02EA681E-C7D8-13C7-8484-4AC65E1B71E8}
		{D48371AF-7FBA-4D9A-B649-A4398E5AF1F2} = {02EA681E-C7D8-13C7-8484-4AC65E1B71E8}
		{DB05561E-6760-4B36-B525-966286169A3D} = {02EA681E-C7D8-13C7-8484-4AC65E1B71E8}
		{3DABC2C6-2E84-4244-95A9-9C39F005B007} = {43CA0E7E-926E-419E-9B4A-E3ED3D07729F}
		{A7078A72-0007-467E-AC34-82B4AA2F0A72} = {43CA0E7E-926E-419E-9B4A-E3ED3D07729F}
		{0B74D82C-61C7-46F9-9198-0932D8BECA37} = {43CA0E7E-926E-419E-9B4A-E3ED3D07729F}
	EndGlobalSection
	GlobalSection(ExtensibilityGlobals) = postSolution
		SolutionGuid = {97445743-77B2-47D0-9358-219E3D629FBD}
	EndGlobalSection
EndGlobal
